
Microsoft Visual Studio Solution File, Format Version 12.00
# Visual Studio Version 16
VisualStudioVersion = 16.0.28729.10
MinimumVisualStudioVersion = 10.0.40219.1
Project("{FAE04EC0-301F-11D3-BF4B-00C04F79EFBC}") = "App01_ConsultaCEP.Android", "App01_ConsultaCEP\App01_ConsultaCEP.Android\App01_ConsultaCEP.Android.csproj", "{EBD2C286-C1B3-4EF7-AF20-51DBBAD3AF71}"
EndProject
Project("{FAE04EC0-301F-11D3-BF4B-00C04F79EFBC}") = "App01_ConsultaCEP", "App01_ConsultaCEP\App01_ConsultaCEP\App01_ConsultaCEP.csproj", "{44B4BF18-DFDD-4FF3-8076-958043358A66}"
EndProject
Global
	GlobalSection(SolutionConfigurationPlatforms) = preSolution
		Debug|Any CPU = Debug|Any CPU
		Release|Any CPU = Release|Any CPU
	EndGlobalSection
	GlobalSection(ProjectConfigurationPlatforms) = postSolution
		{EBD2C286-C1B3-4EF7-AF20-51DBBAD3AF71}.Debug|Any CPU.ActiveCfg = Debug|Any CPU
		{EBD2C286-C1B3-4EF7-AF20-51DBBAD3AF71}.Debug|Any CPU.Build.0 = Debug|Any CPU
		{EBD2C286-C1B3-4EF7-AF20-51DBBAD3AF71}.Debug|Any CPU.Deploy.0 = Debug|Any CPU
		{EBD2C286-C1B3-4EF7-AF20-51DBBAD3AF71}.Release|Any CPU.ActiveCfg = Release|Any CPU
		{EBD2C286-C1B3-4EF7-AF20-51DBBAD3AF71}.Release|Any CPU.Build.0 = Release|Any CPU
		{EBD2C286-C1B3-4EF7-AF20-51DBBAD3AF71}.Release|Any CPU.Deploy.0 = Release|Any CPU
		{44B4BF18-DFDD-4FF3-8076-958043358A66}.Debug|Any CPU.ActiveCfg = Debug|Any CPU
		{44B4BF18-DFDD-4FF3-8076-958043358A66}.Debug|Any CPU.Build.0 = Debug|Any CPU
		{44B4BF18-DFDD-4FF3-8076-958043358A66}.Debug|Any CPU.Deploy.0 = Debug|Any CPU
		{44B4BF18-DFDD-4FF3-8076-958043358A66}.Release|Any CPU.ActiveCfg = Release|Any CPU
		{44B4BF18-DFDD-4FF3-8076-958043358A66}.Release|Any CPU.Build.0 = Release|Any CPU
		{44B4BF18-DFDD-4FF3-8076-958043358A66}.Release|Any CPU.Deploy.0 = Release|Any CPU
	EndGlobalSection
	GlobalSection(SolutionProperties) = preSolution
		HideSolutionNode = FALSE
	EndGlobalSection
	GlobalSection(ExtensibilityGlobals) = postSolution
		SolutionGuid = {8B7F1650-BA8A-432E-98AE-CE42EEFA7A52}
	EndGlobalSection
EndGlobal
